
Microsoft Visual Studio Solution File, Format Version 12.00
# Visual Studio Version 16
VisualStudioVersion = 16.0.32228.343
MinimumVisualStudioVersion = 10.0.40219.1
Project("{FAE04EC0-301F-11D3-BF4B-00C04F79EFBC}") = "WebBanDungCuHocTap", "WebBanDungCuHocTap\WebBanDungCuHocTap.csproj", "{DDE1F800-4C54-4757-BF58-7AE7D146538B}"
EndProject
Project("{FAE04EC0-301F-11D3-BF4B-00C04F79EFBC}") = "WebApiBanDungCuHocTap", "WebApiBanDungCuHocTap\WebApiBanDungCuHocTap.csproj", "{93D5B40E-D73F-47B9-890F-7191DD3CEFD5}"
EndProject
Global
	GlobalSection(SolutionConfigurationPlatforms) = preSolution
		Debug|Any CPU = Debug|Any CPU
		Release|Any CPU = Release|Any CPU
	EndGlobalSection
	GlobalSection(ProjectConfigurationPlatforms) = postSolution
		{DDE1F800-4C54-4757-BF58-7AE7D146538B}.Debug|Any CPU.ActiveCfg = Debug|Any CPU
		{DDE1F800-4C54-4757-BF58-7AE7D146538B}.Debug|Any CPU.Build.0 = Debug|Any CPU
		{DDE1F800-4C54-4757-BF58-7AE7D146538B}.Release|Any CPU.ActiveCfg = Release|Any CPU
		{DDE1F800-4C54-4757-BF58-7AE7D146538B}.Release|Any CPU.Build.0 = Release|Any CPU
		{93D5B40E-D73F-47B9-890F-7191DD3CEFD5}.Debug|Any CPU.ActiveCfg = Debug|Any CPU
		{93D5B40E-D73F-47B9-890F-7191DD3CEFD5}.Debug|Any CPU.Build.0 = Debug|Any CPU
		{93D5B40E-D73F-47B9-890F-7191DD3CEFD5}.Release|Any CPU.ActiveCfg = Release|Any CPU
		{93D5B40E-D73F-47B9-890F-7191DD3CEFD5}.Release|Any CPU.Build.0 = Release|Any CPU
	EndGlobalSection
	GlobalSection(SolutionProperties) = preSolution
		HideSolutionNode = FALSE
	EndGlobalSection
	GlobalSection(ExtensibilityGlobals) = postSolution
		SolutionGuid = {575964D0-6BC9-4B4C-A0C7-319E9CD7E8D1}
	EndGlobalSection
EndGlobal
